
Microsoft Visual Studio Solution File, Format Version 12.00
# Visual Studio Version 17
VisualStudioVersion = 17.7.34202.233
MinimumVisualStudioVersion = 10.0.40219.1
Project("{FAE04EC0-301F-11D3-BF4B-00C04F79EFBC}") = "Dorm Renting System", "Dorm Renting System\Dorm Renting System.csproj", "{A525925D-FC28-43F8-9C7E-02397436DD8B}"
EndProject
Global
	GlobalSection(SolutionConfigurationPlatforms) = preSolution
		Debug|Any CPU = Debug|Any CPU
		Release|Any CPU = Release|Any CPU
	EndGlobalSection
	GlobalSection(ProjectConfigurationPlatforms) = postSolution
		{A525925D-FC28-43F8-9C7E-02397436DD8B}.Debug|Any CPU.ActiveCfg = Debug|Any CPU
		{A525925D-FC28-43F8-9C7E-02397436DD8B}.Debug|Any CPU.Build.0 = Debug|Any CPU
		{A525925D-FC28-43F8-9C7E-02397436DD8B}.Release|Any CPU.ActiveCfg = Release|Any CPU
		{A525925D-FC28-43F8-9C7E-02397436DD8B}.Release|Any CPU.Build.0 = Release|Any CPU
	EndGlobalSection
	GlobalSection(SolutionProperties) = preSolution
		HideSolutionNode = FALSE
	EndGlobalSection
	GlobalSection(ExtensibilityGlobals) = postSolution
		SolutionGuid = {E6CDCD03-9781-42C9-AA3B-B55FB54989BF}
	EndGlobalSection
EndGlobal
